Microsoft Visual Studio Solution File, Format Version 12.00
# Visual Studio Version 17
VisualStudioVersion = 17.3.32901.215
MinimumVisualStudioVersion = 10.0.40219.1
Project("{FAE04EC0-301F-11D3-BF4B-00C04F79EFBC}") = "MainForm", "MainForm.csproj", "{CF77DA73-EF59-409A-9BF3-8E26451D2593}"
EndProject
Project("{FAE04EC0-301F-11D3-BF4B-00C04F79EFBC}") = "Gil_Server", "Gil_Server\Gil_Server.csproj", "{BFC4E17B-94ED-4AFA-9DD9-59245E641BEC}"
EndProject
Global
	GlobalSection(SolutionConfigurationPlatforms) = preSolution
		Debug|Any CPU = Debug|Any CPU
		Release|Any CPU = Release|Any CPU
	EndGlobalSection
	GlobalSection(ProjectConfigurationPlatforms) = postSolution
		{CF77DA73-EF59-409A-9BF3-8E26451D2593}.Debug|Any CPU.ActiveCfg = Debug|Any CPU
		{CF77DA73-EF59-409A-9BF3-8E26451D2593}.Debug|Any CPU.Build.0 = Debug|Any CPU
		{CF77DA73-EF59-409A-9BF3-8E26451D2593}.Release|Any CPU.ActiveCfg = Release|Any CPU
		{CF77DA73-EF59-409A-9BF3-8E26451D2593}.Release|Any CPU.Build.0 = Release|Any CPU
		{BFC4E17B-94ED-4AFA-9DD9-59245E641BEC}.Debug|Any CPU.ActiveCfg = Debug|Any CPU
		{BFC4E17B-94ED-4AFA-9DD9-59245E641BEC}.Debug|Any CPU.Build.0 = Debug|Any CPU
		{BFC4E17B-94ED-4AFA-9DD9-59245E641BEC}.Release|Any CPU.ActiveCfg = Release|Any CPU
		{BFC4E17B-94ED-4AFA-9DD9-59245E641BEC}.Release|Any CPU.Build.0 = Release|Any CPU
	EndGlobalSection
	GlobalSection(SolutionProperties) = preSolution
		HideSolutionNode = FALSE
	EndGlobalSection
	GlobalSection(ExtensibilityGlobals) = postSolution
		SolutionGuid = {80442C30-4623-41CF-AD03-6613657EB3AE}
	EndGlobalSection
EndGlobal
